// !$*UTF8*$!
{
	archiveVersion = 1;
	classes = {
	};
	objectVersion = 56;
	objects = {

/* Begin PBXBuildFile section */
		8F7DEE7B29F680CC0017CD69 /* AppDelegate.swift in Sources */ = {isa = PBXBuildFile; fileRef = 8F7DEE7A29F680CC0017CD69 /* AppDelegate.swift */; };
		8F7DEE7D29F680CC0017CD69 /* SceneDelegate.swift in Sources */ = {isa = PBXBuildFile; fileRef = 8F7DEE7C29F680CC0017CD69 /* SceneDelegate.swift */; };
		8F7DEE7F29F680CC0017CD69 /* ViewController.swift in Sources */ = {isa = PBXBuildFile; fileRef = 8F7DEE7E29F680CC0017CD69 /* ViewController.swift */; };
		8F7DEE8429F680CF0017CD69 /* Assets.xcassets in Resources */ = {isa = PBXBuildFile; fileRef = 8F7DEE8329F680CF0017CD69 /* Assets.xcassets */; };
		8F7DEE8729F680CF0017CD69 /* LaunchScreen.storyboard in Resources */ = {isa = PBXBuildFile; fileRef = 8F7DEE8529F680CF0017CD69 /* LaunchScreen.storyboard */; };
		8F7DEE9229F680CF0017CD69 /* ScreenTimeAPIExampleTests.swift in Sources */ = {isa = PBXBuildFile; fileRef = 8F7DEE9129F680CF0017CD69 /* ScreenTimeAPIExampleTests.swift */; };
		8F7DEE9C29F680CF0017CD69 /* ScreenTimeAPIExampleUITests.swift in Sources */ = {isa = PBXBuildFile; fileRef = 8F7DEE9B29F680CF0017CD69 /* ScreenTimeAPIExampleUITests.swift */; };
		8F7DEE9E29F680CF0017CD69 /* ScreenTimeAPIExampleUITestsLaunchTests.swift in Sources */ = {isa = PBXBuildFile; fileRef = 8F7DEE9D29F680CF0017CD69 /* ScreenTimeAPIExampleUITestsLaunchTests.swift */; };
		8F7DEEAE29F692920017CD69 /* FamilyControls.framework in Frameworks */ = {isa = PBXBuildFile; fileRef = 8F7DEEAD29F692920017CD69 /* FamilyControls.framework */; };
		8F7DEEB029F692A80017CD69 /* DeviceActivity.framework in Frameworks */ = {isa = PBXBuildFile; fileRef = 8F7DEEAF29F692A80017CD69 /* DeviceActivity.framework */; };
/* End PBXBuildFile section */

/* Begin PBXContainerItemProxy section */
		8F7DEE8E29F680CF0017CD69 /* PBXContainerItemProxy */ = {
			isa = PBXContainerItemProxy;
			containerPortal = 8F7DEE6F29F680CC0017CD69 /* Project object */;
			proxyType = 1;
			remoteGlobalIDString = 8F7DEE7629F680CC0017CD69;
			remoteInfo = ScreenTimeAPIExample;
		};
		8F7DEE9829F680CF0017CD69 /* PBXContainerItemProxy */ = {
			isa = PBXContainerItemProxy;
			containerPortal = 8F7DEE6F29F680CC0017CD69 /* Project object */;
			proxyType = 1;
			remoteGlobalIDString = 8F7DEE7629F680CC0017CD69;
			remoteInfo = ScreenTimeAPIExample;
		};
/* End PBXContainerItemProxy section */

/* Begin PBXFileReference section */
		8F7DEE7729F680CC0017CD69 /* ScreenTimeAPIExample.app */ = {isa = PBXFileReference; explicitFileType = wrapper.application; includeInIndex = 0; path = ScreenTimeAPIExample.app; sourceTree = BUILT_PRODUCTS_DIR; };
		8F7DEE7A29F680CC0017CD69 /* AppDelegate.swift */ = {isa = PBXFileReference; lastKnownFileType = sourcecode.swift; path = AppDelegate.swift; sourceTree = "<group>"; };
		8F7DEE7C29F680CC0017CD69 /* SceneDelegate.swift */ = {isa = PBXFileReference; lastKnownFileType = sourcecode.swift; path = SceneDelegate.swift; sourceTree = "<group>"; };
		8F7DEE7E29F680CC0017CD69 /* ViewController.swift */ = {isa = PBXFileReference; lastKnownFileType = sourcecode.swift; path = ViewController.swift; sourceTree = "<group>"; };
		8F7DEE8329F680CF0017CD69 /* Assets.xcassets */ = {isa = PBXFileReference; lastKnownFileType = folder.assetcatalog; path = Assets.xcassets; sourceTree = "<group>"; };
		8F7DEE8629F680CF0017CD69 /* Base */ = {isa = PBXFileReference; lastKnownFileType = file.storyboard; name = Base; path = Base.lproj/LaunchScreen.storyboard; sourceTree = "<group>"; };
		8F7DEE8829F680CF0017CD69 /* Info.plist */ = {isa = PBXFileReference; lastKnownFileType = text.plist.xml; path = Info.plist; sourceTree = "<group>"; };
		8F7DEE8D29F680CF0017CD69 /* ScreenTimeAPIExampleTests.xctest */ = {isa = PBXFileReference; explicitFileType = wrapper.cfbundle; includeInIndex = 0; path = ScreenTimeAPIExampleTests.xctest; sourceTree = BUILT_PRODUCTS_DIR; };
		8F7DEE9129F680CF0017CD69 /* ScreenTimeAPIExampleTests.swift */ = {isa = PBXFileReference; lastKnownFileType = sourcecode.swift; path = ScreenTimeAPIExampleTests.swift; sourceTree = "<group>"; };
		8F7DEE9729F680CF0017CD69 /* ScreenTimeAPIExampleUITests.xctest */ = {isa = PBXFileReference; explicitFileType = wrapper.cfbundle; includeInIndex = 0; path = ScreenTimeAPIExampleUITests.xctest; sourceTree = BUILT_PRODUCTS_DIR; };
		8F7DEE9B29F680CF0017CD69 /* ScreenTimeAPIExampleUITests.swift */ = {isa = PBXFileReference; lastKnownFileType = sourcecode.swift; path = ScreenTimeAPIExampleUITests.swift; sourceTree = "<group>"; };
		8F7DEE9D29F680CF0017CD69 /* ScreenTimeAPIExampleUITestsLaunchTests.swift */ = {isa = PBXFileReference; lastKnownFileType = sourcecode.swift; path = ScreenTimeAPIExampleUITestsLaunchTests.swift; sourceTree = "<group>"; };
		8F7DEEAD29F692920017CD69 /* FamilyControls.framework */ = {isa = PBXFileReference; lastKnownFileType = wrapper.framework; name = FamilyControls.framework; path = System/Library/Frameworks/FamilyControls.framework; sourceTree = SDKROOT; };
		8F7DEEAF29F692A80017CD69 /* DeviceActivity.framework */ = {isa = PBXFileReference; lastKnownFileType = wrapper.framework; name = DeviceActivity.framework; path = System/Library/Frameworks/DeviceActivity.framework; sourceTree = SDKROOT; };
/* End PBXFileReference section */

/* Begin PBXFrameworksBuildPhase section */
		8F7DEE7429F680CC0017CD69 /* Frameworks */ = {
			isa = PBXFrameworksBuildPhase;
			buildActionMask = 2147483647;
			files = (
				8F7DEEAE29F692920017CD69 /* FamilyControls.framework in Frameworks */,
				8F7DEEB029F692A80017CD69 /* DeviceActivity.framework in Frameworks */,
			);
			runOnlyForDeploymentPostprocessing = 0;
		};
		8F7DEE8A29F680CF0017CD69 /* Frameworks */ = {
			isa = PBXFrameworksBuildPhase;
			buildActionMask = 2147483647;
			files = (
			);
			runOnlyForDeploymentPostprocessing = 0;
		};
		8F7DEE9429F680CF0017CD69 /* Frameworks */ = {
			isa = PBXFrameworksBuildPhase;
			buildActionMask = 2147483647;
			files = (
			);
			runOnlyForDeploymentPostprocessing = 0;
		};
/* End PBXFrameworksBuildPhase section */

/* Begin PBXGroup section */
		8F7DEE6E29F680CC0017CD69 = {
			isa = PBXGroup;
			children = (
				8F7DEE7929F680CC0017CD69 /* ScreenTimeAPIExample */,
				8F7DEE9029F680CF0017CD69 /* ScreenTimeAPIExampleTests */,
				8F7DEE9A29F680CF0017CD69 /* ScreenTimeAPIExampleUITests */,
				8F7DEE7829F680CC0017CD69 /* Products */,
				8F7DEEAC29F692920017CD69 /* Frameworks */,
			);
			sourceTree = "<group>";
		};
		8F7DEE7829F680CC0017CD69 /* Products */ = {
			isa = PBXGroup;
			children = (
				8F7DEE7729F680CC0017CD69 /* ScreenTimeAPIExample.app */,
				8F7DEE8D29F680CF0017CD69 /* ScreenTimeAPIExampleTests.xctest */,
				8F7DEE9729F680CF0017CD69 /* ScreenTimeAPIExampleUITests.xctest */,
			);
			name = Products;
			sourceTree = "<group>";
		};
		8F7DEE7929F680CC0017CD69 /* ScreenTimeAPIExample */ = {
			isa = PBXGroup;
			children = (
				8F7DEEAB29F682AB0017CD69 /* Resources */,
				8F7DEEAA29F681400017CD69 /* Application */,
				8F7DEE7E29F680CC0017CD69 /* ViewController.swift */,
			);
			path = ScreenTimeAPIExample;
			sourceTree = "<group>";
		};
		8F7DEE9029F680CF0017CD69 /* ScreenTimeAPIExampleTests */ = {
			isa = PBXGroup;
			children = (
				8F7DEE9129F680CF0017CD69 /* ScreenTimeAPIExampleTests.swift */,
			);
			path = ScreenTimeAPIExampleTests;
			sourceTree = "<group>";
		};
		8F7DEE9A29F680CF0017CD69 /* ScreenTimeAPIExampleUITests */ = {
			isa = PBXGroup;
			children = (
				8F7DEE9B29F680CF0017CD69 /* ScreenTimeAPIExampleUITests.swift */,
				8F7DEE9D29F680CF0017CD69 /* ScreenTimeAPIExampleUITestsLaunchTests.swift */,
			);
			path = ScreenTimeAPIExampleUITests;
			sourceTree = "<group>";
		};
		8F7DEEAA29F681400017CD69 /* Application */ = {
			isa = PBXGroup;
			children = (
				8F7DEE7C29F680CC0017CD69 /* SceneDelegate.swift */,
				8F7DEE7A29F680CC0017CD69 /* AppDelegate.swift */,
			);
			path = Application;
			sourceTree = "<group>";
		};
		8F7DEEAB29F682AB0017CD69 /* Resources */ = {
			isa = PBXGroup;
			children = (
				8F7DEE8329F680CF0017CD69 /* Assets.xcassets */,
				8F7DEE8529F680CF0017CD69 /* LaunchScreen.storyboard */,
				8F7DEE8829F680CF0017CD69 /* Info.plist */,
			);
			path = Resources;
			sourceTree = "<group>";
		};
		8F7DEEAC29F692920017CD69 /* Frameworks */ = {
			isa = PBXGroup;
			children = (
				8F7DEEAF29F692A80017CD69 /* DeviceActivity.framework */,
				8F7DEEAD29F692920017CD69 /* FamilyControls.framework */,
			);
			name = Frameworks;
			sourceTree = "<group>";
		};
/* End PBXGroup section */

/* Begin PBXNativeTarget section */
		8F7DEE7629F680CC0017CD69 /* ScreenTimeAPIExample */ = {
			isa = PBXNativeTarget;
			buildConfigurationList = 8F7DEEA129F680CF0017CD69 /* Build configuration list for PBXNativeTarget "ScreenTimeAPIExample" */;
			buildPhases = (
				8F7DEE7329F680CC0017CD69 /* Sources */,
				8F7DEE7429F680CC0017CD69 /* Frameworks */,
				8F7DEE7529F680CC0017CD69 /* Resources */,
			);
			buildRules = (
			);
			dependencies = (
			);
			name = ScreenTimeAPIExample;
			productName = ScreenTimeAPIExample;
			productReference = 8F7DEE7729F680CC0017CD69 /* ScreenTimeAPIExample.app */;
			productType = "com.apple.product-type.application";
		};
		8F7DEE8C29F680CF0017CD69 /* ScreenTimeAPIExampleTests */ = {
			isa = PBXNativeTarget;
			buildConfigurationList = 8F7DEEA429F680CF0017CD69 /* Build configuration list for PBXNativeTarget "ScreenTimeAPIExampleTests" */;
			buildPhases = (
				8F7DEE8929F680CF0017CD69 /* Sources */,
				8F7DEE8A29F680CF0017CD69 /* Frameworks */,
				8F7DEE8B29F680CF0017CD69 /* Resources */,
			);
			buildRules = (
			);
			dependencies = (
				8F7DEE8F29F680CF0017CD69 /* PBXTargetDependency */,
			);
			name = ScreenTimeAPIExampleTests;
			productName = ScreenTimeAPIExampleTests;
			productReference = 8F7DEE8D29F680CF0017CD69 /* ScreenTimeAPIExampleTests.xctest */;
			productType = "com.apple.product-type.bundle.unit-test";
		};
		8F7DEE9629F680CF0017CD69 /* ScreenTimeAPIExampleUITests */ = {
			isa = PBXNativeTarget;
			buildConfigurationList = 8F7DEEA729F680CF0017CD69 /* Build configuration list for PBXNativeTarget "ScreenTimeAPIExampleUITests" */;
			buildPhases = (
				8F7DEE9329F680CF0017CD69 /* Sources */,
				8F7DEE9429F680CF0017CD69 /* Frameworks */,
				8F7DEE9529F680CF0017CD69 /* Resources */,
			);
			buildRules = (
			);
			dependencies = (
				8F7DEE9929F680CF0017CD69 /* PBXTargetDependency */,
			);
			name = ScreenTimeAPIExampleUITests;
			productName = ScreenTimeAPIExampleUITests;
			productReference = 8F7DEE9729F680CF0017CD69 /* ScreenTimeAPIExampleUITests.xctest */;
			productType = "com.apple.product-type.bundle.ui-testing";
		};
/* End PBXNativeTarget section */

/* Begin PBXProject section */
		8F7DEE6F29F680CC0017CD69 /* Project object */ = {
			isa = PBXProject;
			attributes = {
				BuildIndependentTargetsInParallel = 1;
				LastSwiftUpdateCheck = 1420;
				LastUpgradeCheck = 1420;
				TargetAttributes = {
					8F7DEE7629F680CC0017CD69 = {
						CreatedOnToolsVersion = 14.2;
					};
					8F7DEE8C29F680CF0017CD69 = {
						CreatedOnToolsVersion = 14.2;
						TestTargetID = 8F7DEE7629F680CC0017CD69;
					};
					8F7DEE9629F680CF0017CD69 = {
						CreatedOnToolsVersion = 14.2;
						TestTargetID = 8F7DEE7629F680CC0017CD69;
					};
				};
			};
			buildConfigurationList = 8F7DEE7229F680CC0017CD69 /* Build configuration list for PBXProject "ScreenTimeAPIExample" */;
			compatibilityVersion = "Xcode 14.0";
			developmentRegion = en;
			hasScannedForEncodings = 0;
			knownRegions = (
				en,
				Base,
			);
			mainGroup = 8F7DEE6E29F680CC0017CD69;
			productRefGroup = 8F7DEE7829F680CC0017CD69 /* Products */;
			projectDirPath = "";
			projectRoot = "";
			targets = (
				8F7DEE7629F680CC0017CD69 /* ScreenTimeAPIExample */,
				8F7DEE8C29F680CF0017CD69 /* ScreenTimeAPIExampleTests */,
				8F7DEE9629F680CF0017CD69 /* ScreenTimeAPIExampleUITests */,
			);
		};
/* End PBXProject section */

/* Begin PBXResourcesBuildPhase section */
		8F7DEE7529F680CC0017CD69 /* Resources */ = {
			isa = PBXResourcesBuildPhase;
			buildActionMask = 2147483647;
			files = (
				8F7DEE8729F680CF0017CD69 /* LaunchScreen.storyboard in Resources */,
				8F7DEE8429F680CF0017CD69 /* Assets.xcassets in Resources */,
			);
			runOnlyForDeploymentPostprocessing = 0;
		};
		8F7DEE8B29F680CF0017CD69 /* Resources */ = {
			isa = PBXResourcesBuildPhase;
			buildActionMask = 2147483647;
			files = (
			);
			runOnlyForDeploymentPostprocessing = 0;
		};
		8F7DEE9529F680CF0017CD69 /* Resources */ = {
			isa = PBXResourcesBuildPhase;
			buildActionMask = 2147483647;
			files = (
			);
			runOnlyForDeploymentPostprocessing = 0;
		};
/* End PBXResourcesBuildPhase section */

/* Begin PBXSourcesBuildPhase section */
		8F7DEE7329F680CC0017CD69 /* Sources */ = {
			isa = PBXSourcesBuildPhase;
			buildActionMask = 2147483647;
			files = (
				8F7DEE7F29F680CC0017CD69 /* ViewController.swift in Sources */,
				8F7DEE7B29F680CC0017CD69 /* AppDelegate.swift in Sources */,
				8F7DEE7D29F680CC0017CD69 /* SceneDelegate.swift in Sources */,
			);
			runOnlyForDeploymentPostprocessing = 0;
		};
		8F7DEE8929F680CF0017CD69 /* Sources */ = {
			isa = PBXSourcesBuildPhase;
			buildActionMask = 2147483647;
			files = (
				8F7DEE9229F680CF0017CD69 /* ScreenTimeAPIExampleTests.swift in Sources */,
			);
			runOnlyForDeploymentPostprocessing = 0;
		};
		8F7DEE9329F680CF0017CD69 /* Sources */ = {
			isa = PBXSourcesBuildPhase;
			buildActionMask = 2147483647;
			files = (
				8F7DEE9C29F680CF0017CD69 /* ScreenTimeAPIExampleUITests.swift in Sources */,
				8F7DEE9E29F680CF0017CD69 /* ScreenTimeAPIExampleUITestsLaunchTests.swift in Sources */,
			);
			runOnlyForDeploymentPostprocessing = 0;
		};
/* End PBXSourcesBuildPhase section */

/* Begin PBXTargetDependency section */
		8F7DEE8F29F680CF0017CD69 /* PBXTargetDependency */ = {
			isa = PBXTargetDependency;
			target = 8F7DEE7629F680CC0017CD69 /* ScreenTimeAPIExample */;
			targetProxy = 8F7DEE8E29F680CF0017CD69 /* PBXContainerItemProxy */;
		};
		8F7DEE9929F680CF0017CD69 /* PBXTargetDependency */ = {
			isa = PBXTargetDependency;
			target = 8F7DEE7629F680CC0017CD69 /* ScreenTimeAPIExample */;
			targetProxy = 8F7DEE9829F680CF0017CD69 /* PBXContainerItemProxy */;
		};
/* End PBXTargetDependency section */

/* Begin PBXVariantGroup section */
		8F7DEE8529F680CF0017CD69 /* LaunchScreen.storyboard */ = {
			isa = PBXVariantGroup;
			children = (
				8F7DEE8629F680CF0017CD69 /* Base */,
			);
			name = LaunchScreen.storyboard;
			sourceTree = "<group>";
		};
/* End PBXVariantGroup section */

/* Begin XCBuildConfiguration section */
		8F7DEE9F29F680CF0017CD69 /* Debug */ = {
			isa = XCBuildConfiguration;
			buildSettings = {
				ALWAYS_SEARCH_USER_PATHS = NO;
				CLANG_ANALYZER_NONNULL = YES;
				CLANG_ANALYZER_NUMBER_OBJECT_CONVERSION = YES_AGGRESSIVE;
				CLANG_CXX_LANGUAGE_STANDARD = "gnu++20";
				CLANG_ENABLE_MODULES = YES;
				CLANG_ENABLE_OBJC_ARC = YES;
				CLANG_ENABLE_OBJC_WEAK = YES;
				CLANG_WARN_BLOCK_CAPTURE_AUTORELEASING = YES;
				CLANG_WARN_BOOL_CONVERSION = YES;
				CLANG_WARN_COMMA = YES;
				CLANG_WARN_CONSTANT_CONVERSION = YES;
				CLANG_WARN_DEPRECATED_OBJC_IMPLEMENTATIONS = YES;
				CLANG_WARN_DIRECT_OBJC_ISA_USAGE = YES_ERROR;
				CLANG_WARN_DOCUMENTATION_COMMENTS = YES;
				CLANG_WARN_EMPTY_BODY = YES;
				CLANG_WARN_ENUM_CONVERSION = YES;
				CLANG_WARN_INFINITE_RECURSION = YES;
				CLANG_WARN_INT_CONVERSION = YES;
				CLANG_WARN_NON_LITERAL_NULL_CONVERSION = YES;
				CLANG_WARN_OBJC_IMPLICIT_RETAIN_SELF = YES;
				CLANG_WARN_OBJC_LITERAL_CONVERSION = YES;
				CLANG_WARN_OBJC_ROOT_CLASS = YES_ERROR;
				CLANG_WARN_QUOTED_INCLUDE_IN_FRAMEWORK_HEADER = YES;
				CLANG_WARN_RANGE_LOOP_ANALYSIS = YES;
				CLANG_WARN_STRICT_PROTOTYPES = YES;
				CLANG_WARN_SUSPICIOUS_MOVE = YES;
				CLANG_WARN_UNGUARDED_AVAILABILITY = YES_AGGRESSIVE;
				CLANG_WARN_UNREACHABLE_CODE = YES;
				CLANG_WARN__DUPLICATE_METHOD_MATCH = YES;
				COPY_PHASE_STRIP = NO;
				DEBUG_INFORMATION_FORMAT = dwarf;
				ENABLE_STRICT_OBJC_MSGSEND = YES;
				ENABLE_TESTABILITY = YES;
				GCC_C_LANGUAGE_STANDARD = gnu11;
				GCC_DYNAMIC_NO_PIC = NO;
				GCC_NO_COMMON_BLOCKS = YES;
				GCC_OPTIMIZATION_LEVEL = 0;
				GCC_PREPROCESSOR_DEFINITIONS = (
					"DEBUG=1",
					"$(inherited)",
				);
				GCC_WARN_64_TO_32_BIT_CONVERSION = YES;
				GCC_WARN_ABOUT_RETURN_TYPE = YES_ERROR;
				GCC_WARN_UNDECLARED_SELECTOR = YES;
				GCC_WARN_UNINITIALIZED_AUTOS = YES_AGGRESSIVE;
				GCC_WARN_UNUSED_FUNCTION = YES;
				GCC_WARN_UNUSED_VARIABLE = YES;
				IPHONEOS_DEPLOYMENT_TARGET = 16.2;
				MTL_ENABLE_DEBUG_INFO = INCLUDE_SOURCE;
				MTL_FAST_MATH = YES;
				ONLY_ACTIVE_ARCH = YES;
				SDKROOT = iphoneos;
				SWIFT_ACTIVE_COMPILATION_CONDITIONS = DEBUG;
				SWIFT_OPTIMIZATION_LEVEL = "-Onone";
			};
			name = Debug;
		};
		8F7DEEA029F680CF0017CD69 /* Release */ = {
			isa = XCBuildConfiguration;
			buildSettings = {
				ALWAYS_SEARCH_USER_PATHS = NO;
				CLANG_ANALYZER_NONNULL = YES;
				CLANG_ANALYZER_NUMBER_OBJECT_CONVERSION = YES_AGGRESSIVE;
				CLANG_CXX_LANGUAGE_STANDARD = "gnu++20";
				CLANG_ENABLE_MODULES = YES;
				CLANG_ENABLE_OBJC_ARC = YES;
				CLANG_ENABLE_OBJC_WEAK = YES;
				CLANG_WARN_BLOCK_CAPTURE_AUTORELEASING = YES;
				CLANG_WARN_BOOL_CONVERSION = YES;
				CLANG_WARN_COMMA = YES;
				CLANG_WARN_CONSTANT_CONVERSION = YES;
				CLANG_WARN_DEPRECATED_OBJC_IMPLEMENTATIONS = YES;
				CLANG_WARN_DIRECT_OBJC_ISA_USAGE = YES_ERROR;
				CLANG_WARN_DOCUMENTATION_COMMENTS = YES;
				CLANG_WARN_EMPTY_BODY = YES;
				CLANG_WARN_ENUM_CONVERSION = YES;
				CLANG_WARN_INFINITE_RECURSION = YES;
				CLANG_WARN_INT_CONVERSION = YES;
				CLANG_WARN_NON_LITERAL_NULL_CONVERSION = YES;
				CLANG_WARN_OBJC_IMPLICIT_RETAIN_SELF = YES;
				CLANG_WARN_OBJC_LITERAL_CONVERSION = YES;
				CLANG_WARN_OBJC_ROOT_CLASS = YES_ERROR;
				CLANG_WARN_QUOTED_INCLUDE_IN_FRAMEWORK_HEADER = YES;
				CLANG_WARN_RANGE_LOOP_ANALYSIS = YES;
				CLANG_WARN_STRICT_PROTOTYPES = YES;
				CLANG_WARN_SUSPICIOUS_MOVE = YES;
				CLANG_WARN_UNGUARDED_AVAILABILITY = YES_AGGRESSIVE;
				CLANG_WARN_UNREACHABLE_CODE = YES;
				CLANG_WARN__DUPLICATE_METHOD_MATCH = YES;
				COPY_PHASE_STRIP = NO;
				DEBUG_INFORMATION_FORMAT = "dwarf-with-dsym";
				ENABLE_NS_ASSERTIONS = NO;
				ENABLE_STRICT_OBJC_MSGSEND = YES;
				GCC_C_LANGUAGE_STANDARD = gnu11;
				GCC_NO_COMMON_BLOCKS = YES;
				GCC_WARN_64_TO_32_BIT_CONVERSION = YES;
				GCC_WARN_ABOUT_RETURN_TYPE = YES_ERROR;
				GCC_WARN_UNDECLARED_SELECTOR = YES;
				GCC_WARN_UNINITIALIZED_AUTOS = YES_AGGRESSIVE;
				GCC_WARN_UNUSED_FUNCTION = YES;
				GCC_WARN_UNUSED_VARIABLE = YES;
				IPHONEOS_DEPLOYMENT_TARGET = 16.2;
				MTL_ENABLE_DEBUG_INFO = NO;
				MTL_FAST_MATH = YES;
				SDKROOT = iphoneos;
				SWIFT_COMPILATION_MODE = wholemodule;
				SWIFT_OPTIMIZATION_LEVEL = "-O";
				VALIDATE_PRODUCT = YES;
			};
			name = Release;
		};
		8F7DEEA229F680CF0017CD69 /* Debug */ = {
			isa = XCBuildConfiguration;
			buildSettings = {
				ASSETCATALOG_COMPILER_APPICON_NAME = AppIcon;
				ASSETCATALOG_COMPILER_GLOBAL_ACCENT_COLOR_NAME = AccentColor;
				CODE_SIGN_STYLE = Automatic;
				CURRENT_PROJECT_VERSION = 1;
				DEVELOPMENT_TEAM = 62SDS28JUT;
				GENERATE_INFOPLIST_FILE = YES;
				INFOPLIST_FILE = ScreenTimeAPIExample/Resources/Info.plist;
				INFOPLIST_KEY_UIApplicationSupportsIndirectInputEvents = YES;
				INFOPLIST_KEY_UILaunchStoryboardName = LaunchScreen;
				INFOPLIST_KEY_UISupportedInterfaceOrientations_iPad = "UIInterfaceOrientationPortrait UIInterfaceOrientationPortraitUpsideDown UIInterfaceOrientationLandscapeLeft UIInterfaceOrientationLandscapeRight";
				INFOPLIST_KEY_UISupportedInterfaceOrientations_iPhone = "UIInterfaceOrientationPortrait UIInterfaceOrientationLandscapeLeft UIInterfaceOrientationLandscapeRight";
				IPHONEOS_DEPLOYMENT_TARGET = 16.0;
				LD_RUNPATH_SEARCH_PATHS = (
					"$(inherited)",
					"@executable_path/Frameworks",
				);
				MARKETING_VERSION = 1.0;
				PRODUCT_BUNDLE_IDENTIFIER = com.doyeonjeong.ScreenTimeAPIExample;
				PRODUCT_NAME = "$(TARGET_NAME)";
				SUPPORTED_PLATFORMS = "iphoneos iphonesimulator";
				SUPPORTS_MACCATALYST = NO;
				SUPPORTS_MAC_DESIGNED_FOR_IPHONE_IPAD = NO;
				SWIFT_EMIT_LOC_STRINGS = YES;
				SWIFT_VERSION = 5.0;
				TARGETED_DEVICE_FAMILY = 1;
			};
			name = Debug;
		};
		8F7DEEA329F680CF0017CD69 /* Release */ = {
			isa = XCBuildConfiguration;
			buildSettings = {
				ASSETCATALOG_COMPILER_APPICON_NAME = AppIcon;
				ASSETCATALOG_COMPILER_GLOBAL_ACCENT_COLOR_NAME = AccentColor;
				CODE_SIGN_STYLE = Automatic;
				CURRENT_PROJECT_VERSION = 1;
				DEVELOPMENT_TEAM = 62SDS28JUT;
				GENERATE_INFOPLIST_FILE = YES;
				INFOPLIST_FILE = ScreenTimeAPIExample/Resources/Info.plist;
				INFOPLIST_KEY_UIApplicationSupportsIndirectInputEvents = YES;
				INFOPLIST_KEY_UILaunchStoryboardName = LaunchScreen;
				INFOPLIST_KEY_UISupportedInterfaceOrientations_iPad = "UIInterfaceOrientationPortrait UIInterfaceOrientationPortraitUpsideDown UIInterfaceOrientationLandscapeLeft UIInterfaceOrientationLandscapeRight";
				INFOPLIST_KEY_UISupportedInterfaceOrientations_iPhone = "UIInterfaceOrientationPortrait UIInterfaceOrientationLandscapeLeft UIInterfaceOrientationLandscapeRight";
				IPHONEOS_DEPLOYMENT_TARGET = 16.0;
				LD_RUNPATH_SEARCH_PATHS = (
					"$(inherited)",
					"@executable_path/Frameworks",
				);
				MARKETING_VERSION = 1.0;
				PRODUCT_BUNDLE_IDENTIFIER = com.doyeonjeong.ScreenTimeAPIExample;
				PRODUCT_NAME = "$(TARGET_NAME)";
				SUPPORTED_PLATFORMS = "iphoneos iphonesimulator";
				SUPPORTS_MACCATALYST = NO;
				SUPPORTS_MAC_DESIGNED_FOR_IPHONE_IPAD = NO;
				SWIFT_EMIT_LOC_STRINGS = YES;
				SWIFT_VERSION = 5.0;
				TARGETED_DEVICE_FAMILY = 1;
			};
			name = Release;
		};
		8F7DEEA529F680CF0017CD69 /* Debug */ = {
			isa = XCBuildConfiguration;
			buildSettings = {
				ALWAYS_EMBED_SWIFT_STANDARD_LIBRARIES = YES;
				BUNDLE_LOADER = "$(TEST_HOST)";
				CODE_SIGN_STYLE = Automatic;
				CURRENT_PROJECT_VERSION = 1;
				DEVELOPMENT_TEAM = 62SDS28JUT;
				GENERATE_INFOPLIST_FILE = YES;
				IPHONEOS_DEPLOYMENT_TARGET = 16.2;
				MARKETING_VERSION = 1.0;
				PRODUCT_BUNDLE_IDENTIFIER = com.doyeonjeong.ScreenTimeAPIExampleTests;
				PRODUCT_NAME = "$(TARGET_NAME)";
				SWIFT_EMIT_LOC_STRINGS = NO;
				SWIFT_VERSION = 5.0;
				TARGETED_DEVICE_FAMILY = "1,2";
				TEST_HOST = "$(BUILT_PRODUCTS_DIR)/ScreenTimeAPIExample.app/$(BUNDLE_EXECUTABLE_FOLDER_PATH)/ScreenTimeAPIExample";
			};
			name = Debug;
		};
		8F7DEEA629F680CF0017CD69 /* Release */ = {
			isa = XCBuildConfiguration;
			buildSettings = {
				ALWAYS_EMBED_SWIFT_STANDARD_LIBRARIES = YES;
				BUNDLE_LOADER = "$(TEST_HOST)";
				CODE_SIGN_STYLE = Automatic;
				CURRENT_PROJECT_VERSION = 1;
				DEVELOPMENT_TEAM = 62SDS28JUT;
				GENERATE_INFOPLIST_FILE = YES;
				IPHONEOS_DEPLOYMENT_TARGET = 16.2;
				MARKETING_VERSION = 1.0;
				PRODUCT_BUNDLE_IDENTIFIER = com.doyeonjeong.ScreenTimeAPIExampleTests;
				PRODUCT_NAME = "$(TARGET_NAME)";
				SWIFT_EMIT_LOC_STRINGS = NO;
				SWIFT_VERSION = 5.0;
				TARGETED_DEVICE_FAMILY = "1,2";
				TEST_HOST = "$(BUILT_PRODUCTS_DIR)/ScreenTimeAPIExample.app/$(BUNDLE_EXECUTABLE_FOLDER_PATH)/ScreenTimeAPIExample";
			};
			name = Release;
		};
		8F7DEEA829F680CF0017CD69 /* Debug */ = {
			isa = XCBuildConfiguration;
			buildSettings = {
				ALWAYS_EMBED_SWIFT_STANDARD_LIBRARIES = YES;
				CODE_SIGN_STYLE = Automatic;
				CURRENT_PROJECT_VERSION = 1;
				DEVELOPMENT_TEAM = 62SDS28JUT;
				GENERATE_INFOPLIST_FILE = YES;
				MARKETING_VERSION = 1.0;
				PRODUCT_BUNDLE_IDENTIFIER = com.doyeonjeong.ScreenTimeAPIExampleUITests;
				PRODUCT_NAME = "$(TARGET_NAME)";
				SWIFT_EMIT_LOC_STRINGS = NO;
				SWIFT_VERSION = 5.0;
				TARGETED_DEVICE_FAMILY = "1,2";
				TEST_TARGET_NAME = ScreenTimeAPIExample;
			};
			name = Debug;
		};
		8F7DEEA929F680CF0017CD69 /* Release */ = {
			isa = XCBuildConfiguration;
			buildSettings = {
				ALWAYS_EMBED_SWIFT_STANDARD_LIBRARIES = YES;
				CODE_SIGN_STYLE = Automatic;
				CURRENT_PROJECT_VERSION = 1;
				DEVELOPMENT_TEAM = 62SDS28JUT;
				GENERATE_INFOPLIST_FILE = YES;
				MARKETING_VERSION = 1.0;
				PRODUCT_BUNDLE_IDENTIFIER = com.doyeonjeong.ScreenTimeAPIExampleUITests;
				PRODUCT_NAME = "$(TARGET_NAME)";
				SWIFT_EMIT_LOC_STRINGS = NO;
				SWIFT_VERSION = 5.0;
				TARGETED_DEVICE_FAMILY = "1,2";
				TEST_TARGET_NAME = ScreenTimeAPIExample;
			};
			name = Release;
		};
/* End XCBuildConfiguration section */

/* Begin XCConfigurationList section */
		8F7DEE7229F680CC0017CD69 /* Build configuration list for PBXProject "ScreenTimeAPIExample" */ = {
			isa = XCConfigurationList;
			buildConfigurations = (
				8F7DEE9F29F680CF0017CD69 /* Debug */,
				8F7DEEA029F680CF0017CD69 /* Release */,
			);
			defaultConfigurationIsVisible = 0;
			defaultConfigurationName = Release;
		};
		8F7DEEA129F680CF0017CD69 /* Build configuration list for PBXNativeTarget "ScreenTimeAPIExample" */ = {
			isa = XCConfigurationList;
			buildConfigurations = (
				8F7DEEA229F680CF0017CD69 /* Debug */,
				8F7DEEA329F680CF0017CD69 /* Release */,
			);
			defaultConfigurationIsVisible = 0;
			defaultConfigurationName = Release;
		};
		8F7DEEA429F680CF0017CD69 /* Build configuration list for PBXNativeTarget "ScreenTimeAPIExampleTests" */ = {
			isa = XCConfigurationList;
			buildConfigurations = (
				8F7DEEA529F680CF0017CD69 /* Debug */,
				8F7DEEA629F680CF0017CD69 /* Release */,
			);
			defaultConfigurationIsVisible = 0;
			defaultConfigurationName = Release;
		};
		8F7DEEA729F680CF0017CD69 /* Build configuration list for PBXNativeTarget "ScreenTimeAPIExampleUITests" */ = {
			isa = XCConfigurationList;
			buildConfigurations = (
				8F7DEEA829F680CF0017CD69 /* Debug */,
				8F7DEEA929F680CF0017CD69 /* Release */,
			);
			defaultConfigurationIsVisible = 0;
			defaultConfigurationName = Release;
		};
/* End XCConfigurationList section */
	};
	rootObject = 8F7DEE6F29F680CC0017CD69 /* Project object */;
}
